
Microsoft Visual Studio Solution File, Format Version 12.00
# Visual Studio Version 17
VisualStudioVersion = 17.13.35617.110 d17.13
MinimumVisualStudioVersion = 10.0.40219.1
Project("{FAE04EC0-301F-11D3-BF4B-00C04F79EFBC}") = "WinFormsApp1", "WinFormsApp1\WinFormsApp1.csproj", "{9E026DBE-3394-4651-81B6-B21876DEE355}"
EndProject
Global
	GlobalSection(SolutionConfigurationPlatforms) = preSolution
		Debug|Any CPU = Debug|Any CPU
		Release|Any CPU = Release|Any CPU
	EndGlobalSection
	GlobalSection(ProjectConfigurationPlatforms) = postSolution
		{9E026DBE-3394-4651-81B6-B21876DEE355}.Debug|Any CPU.ActiveCfg = Debug|Any CPU
		{9E026DBE-3394-4651-81B6-B21876DEE355}.Debug|Any CPU.Build.0 = Debug|Any CPU
		{9E026DBE-3394-4651-81B6-B21876DEE355}.Release|Any CPU.ActiveCfg = Release|Any CPU
		{9E026DBE-3394-4651-81B6-B21876DEE355}.Release|Any CPU.Build.0 = Release|Any CPU
	EndGlobalSection
	GlobalSection(SolutionProperties) = preSolution
		HideSolutionNode = FALSE
	EndGlobalSection
	GlobalSection(ExtensibilityGlobals) = postSolution
		SolutionGuid = {13972EA4-D221-487B-9531-3F0731E8AEEC}
	EndGlobalSection
EndGlobal
